# This file is autogenerated, do not edit; changes may be undone by the next 'dep ensure'.


[[projects]]
  name = "github.com/cavaliercoder/grab"
  packages = ["."]
  revision = "3b6830dae49bc01e25b4676dae3a2a06c1b1485e"
  version = "v2.0.0"

[[projects]]
  name = "github.com/google/go-github"
  packages = ["github"]
  revision = "e48060a28fac52d0f1cb758bc8b87c07bac4a87d"
  version = "v15.0.0"

[[projects]]
  branch = "master"
  name = "github.com/google/go-querystring"
  packages = ["query"]
  revision = "53e6ce116135b80d037921a7fdd5138cf32d7a8a"

[solve-meta]
  analyzer-name = "dep"
  analyzer-version = 1
  inputs-digest = "62a5a4e67e062d1240198bdfeccb7207592351787d76657231ff36721e400e27"
  solver-name = "gps-cdcl"
  solver-version = 1
